// !$*UTF8*$!
{
	archiveVersion = 1;
	classes = {
	};
	objectVersion = 55;
	objects = {

/* Begin PBXBuildFile section */
		511398E11BD30952D69747BD /* Pods_SwiftlyPresentApp.framework in Frameworks */ = {isa = PBXBuildFile; fileRef = E48A40274114B320E60E2683 /* Pods_SwiftlyPresentApp.framework */; };
		98B25C0B27F7392500210BDC /* AppDelegate.swift in Sources */ = {isa = PBXBuildFile; fileRef = 98B25C0A27F7392500210BDC /* AppDelegate.swift */; };
		98B25C0D27F7392500210BDC /* SceneDelegate.swift in Sources */ = {isa = PBXBuildFile; fileRef = 98B25C0C27F7392500210BDC /* SceneDelegate.swift */; };
		98B25C1427F7392600210BDC /* Assets.xcassets in Resources */ = {isa = PBXBuildFile; fileRef = 98B25C1327F7392600210BDC /* Assets.xcassets */; };
		98B25C1727F7392600210BDC /* LaunchScreen.storyboard in Resources */ = {isa = PBXBuildFile; fileRef = 98B25C1527F7392600210BDC /* LaunchScreen.storyboard */; };
		98B25C3027F73AAC00210BDC /* SignUpModel.swift in Sources */ = {isa = PBXBuildFile; fileRef = 98B25C1F27F73AAC00210BDC /* SignUpModel.swift */; };
		98B25C3127F73AAC00210BDC /* SignUpViewController.swift in Sources */ = {isa = PBXBuildFile; fileRef = 98B25C2127F73AAC00210BDC /* SignUpViewController.swift */; };
		98B25C3227F73AAC00210BDC /* SignUpView.swift in Sources */ = {isa = PBXBuildFile; fileRef = 98B25C2227F73AAC00210BDC /* SignUpView.swift */; };
		98B25C3327F73AAC00210BDC /* SignUpPassWordView.swift in Sources */ = {isa = PBXBuildFile; fileRef = 98B25C2527F73AAC00210BDC /* SignUpPassWordView.swift */; };
		98B25C3427F73AAC00210BDC /* SignUpPassWordViewController.swift in Sources */ = {isa = PBXBuildFile; fileRef = 98B25C2627F73AAC00210BDC /* SignUpPassWordViewController.swift */; };
		98B25C3527F73AAC00210BDC /* SignUpEmailView.swift in Sources */ = {isa = PBXBuildFile; fileRef = 98B25C2827F73AAC00210BDC /* SignUpEmailView.swift */; };
		98B25C3627F73AAC00210BDC /* SignUpEmailViewController.swift in Sources */ = {isa = PBXBuildFile; fileRef = 98B25C2927F73AAC00210BDC /* SignUpEmailViewController.swift */; };
		98B25C3727F73AAC00210BDC /* MainViewController.swift in Sources */ = {isa = PBXBuildFile; fileRef = 98B25C2B27F73AAC00210BDC /* MainViewController.swift */; };
		98B25C3827F73AAC00210BDC /* MainView.swift in Sources */ = {isa = PBXBuildFile; fileRef = 98B25C2C27F73AAC00210BDC /* MainView.swift */; };
		98B25C3927F73AAC00210BDC /* RootViewController.swift in Sources */ = {isa = PBXBuildFile; fileRef = 98B25C2E27F73AAC00210BDC /* RootViewController.swift */; };
		98B25C3A27F73AAC00210BDC /* RootView.swift in Sources */ = {isa = PBXBuildFile; fileRef = 98B25C2F27F73AAC00210BDC /* RootView.swift */; };
/* End PBXBuildFile section */

/* Begin PBXFileReference section */
		7CA84FC158D793383B0FF577 /* Pods-SwiftlyPresentApp.debug.xcconfig */ = {isa = PBXFileReference; includeInIndex = 1; lastKnownFileType = text.xcconfig; name = "Pods-SwiftlyPresentApp.debug.xcconfig"; path = "Target Support Files/Pods-SwiftlyPresentApp/Pods-SwiftlyPresentApp.debug.xcconfig"; sourceTree = "<group>"; };
		98B25C0727F7392500210BDC /* SwiftlyPresentApp.app */ = {isa = PBXFileReference; explicitFileType = wrapper.application; includeInIndex = 0; path = SwiftlyPresentApp.app; sourceTree = BUILT_PRODUCTS_DIR; };
		98B25C0A27F7392500210BDC /* AppDelegate.swift */ = {isa = PBXFileReference; lastKnownFileType = sourcecode.swift; path = AppDelegate.swift; sourceTree = "<group>"; };
		98B25C0C27F7392500210BDC /* SceneDelegate.swift */ = {isa = PBXFileReference; lastKnownFileType = sourcecode.swift; path = SceneDelegate.swift; sourceTree = "<group>"; };
		98B25C1327F7392600210BDC /* Assets.xcassets */ = {isa = PBXFileReference; lastKnownFileType = folder.assetcatalog; path = Assets.xcassets; sourceTree = "<group>"; };
		98B25C1627F7392600210BDC /* Base */ = {isa = PBXFileReference; lastKnownFileType = file.storyboard; name = Base; path = Base.lproj/LaunchScreen.storyboard; sourceTree = "<group>"; };
		98B25C1827F7392600210BDC /* Info.plist */ = {isa = PBXFileReference; lastKnownFileType = text.plist.xml; path = Info.plist; sourceTree = "<group>"; };
		98B25C1F27F73AAC00210BDC /* SignUpModel.swift */ = {isa = PBXFileReference; fileEncoding = 4; lastKnownFileType = sourcecode.swift; path = SignUpModel.swift; sourceTree = "<group>"; };
		98B25C2127F73AAC00210BDC /* SignUpViewController.swift */ = {isa = PBXFileReference; fileEncoding = 4; lastKnownFileType = sourcecode.swift; path = SignUpViewController.swift; sourceTree = "<group>"; };
		98B25C2227F73AAC00210BDC /* SignUpView.swift */ = {isa = PBXFileReference; fileEncoding = 4; lastKnownFileType = sourcecode.swift; path = SignUpView.swift; sourceTree = "<group>"; };
		98B25C2527F73AAC00210BDC /* SignUpPassWordView.swift */ = {isa = PBXFileReference; fileEncoding = 4; lastKnownFileType = sourcecode.swift; path = SignUpPassWordView.swift; sourceTree = "<group>"; };
		98B25C2627F73AAC00210BDC /* SignUpPassWordViewController.swift */ = {isa = PBXFileReference; fileEncoding = 4; lastKnownFileType = sourcecode.swift; path = SignUpPassWordViewController.swift; sourceTree = "<group>"; };
		98B25C2827F73AAC00210BDC /* SignUpEmailView.swift */ = {isa = PBXFileReference; fileEncoding = 4; lastKnownFileType = sourcecode.swift; path = SignUpEmailView.swift; sourceTree = "<group>"; };
		98B25C2927F73AAC00210BDC /* SignUpEmailViewController.swift */ = {isa = PBXFileReference; fileEncoding = 4; lastKnownFileType = sourcecode.swift; path = SignUpEmailViewController.swift; sourceTree = "<group>"; };
		98B25C2B27F73AAC00210BDC /* MainViewController.swift */ = {isa = PBXFileReference; fileEncoding = 4; lastKnownFileType = sourcecode.swift; path = MainViewController.swift; sourceTree = "<group>"; };
		98B25C2C27F73AAC00210BDC /* MainView.swift */ = {isa = PBXFileReference; fileEncoding = 4; lastKnownFileType = sourcecode.swift; path = MainView.swift; sourceTree = "<group>"; };
		98B25C2E27F73AAC00210BDC /* RootViewController.swift */ = {isa = PBXFileReference; fileEncoding = 4; lastKnownFileType = sourcecode.swift; path = RootViewController.swift; sourceTree = "<group>"; };
		98B25C2F27F73AAC00210BDC /* RootView.swift */ = {isa = PBXFileReference; fileEncoding = 4; lastKnownFileType = sourcecode.swift; path = RootView.swift; sourceTree = "<group>"; };
		CE4100E272BD02FC55F7F896 /* Pods-SwiftlyPresentApp.release.xcconfig */ = {isa = PBXFileReference; includeInIndex = 1; lastKnownFileType = text.xcconfig; name = "Pods-SwiftlyPresentApp.release.xcconfig"; path = "Target Support Files/Pods-SwiftlyPresentApp/Pods-SwiftlyPresentApp.release.xcconfig"; sourceTree = "<group>"; };
		E48A40274114B320E60E2683 /* Pods_SwiftlyPresentApp.framework */ = {isa = PBXFileReference; explicitFileType = wrapper.framework; includeInIndex = 0; path = Pods_SwiftlyPresentApp.framework; sourceTree = BUILT_PRODUCTS_DIR; };
/* End PBXFileReference section */

/* Begin PBXFrameworksBuildPhase section */
		98B25C0427F7392500210BDC /* Frameworks */ = {
			isa = PBXFrameworksBuildPhase;
			buildActionMask = 2147483647;
			files = (
				511398E11BD30952D69747BD /* Pods_SwiftlyPresentApp.framework in Frameworks */,
			);
			runOnlyForDeploymentPostprocessing = 0;
		};
/* End PBXFrameworksBuildPhase section */

/* Begin PBXGroup section */
		69415305025A717E89E3A813 /* Pods */ = {
			isa = PBXGroup;
			children = (
				7CA84FC158D793383B0FF577 /* Pods-SwiftlyPresentApp.debug.xcconfig */,
				CE4100E272BD02FC55F7F896 /* Pods-SwiftlyPresentApp.release.xcconfig */,
			);
			path = Pods;
			sourceTree = "<group>";
		};
		98B25BFE27F7392500210BDC = {
			isa = PBXGroup;
			children = (
				98B25C0927F7392500210BDC /* SwiftlyPresentApp */,
				98B25C0827F7392500210BDC /* Products */,
				69415305025A717E89E3A813 /* Pods */,
				BCB2B1E7DADFFCFE4F6874BD /* Frameworks */,
			);
			sourceTree = "<group>";
		};
		98B25C0827F7392500210BDC /* Products */ = {
			isa = PBXGroup;
			children = (
				98B25C0727F7392500210BDC /* SwiftlyPresentApp.app */,
			);
			name = Products;
			sourceTree = "<group>";
		};
		98B25C0927F7392500210BDC /* SwiftlyPresentApp */ = {
			isa = PBXGroup;
			children = (
				98B25C0A27F7392500210BDC /* AppDelegate.swift */,
				98B25C0C27F7392500210BDC /* SceneDelegate.swift */,
				98B25C2A27F73AAC00210BDC /* Main */,
				98B25C2D27F73AAC00210BDC /* Root */,
				98B25C1E27F73AAC00210BDC /* SignUp */,
				98B25C1327F7392600210BDC /* Assets.xcassets */,
				98B25C1527F7392600210BDC /* LaunchScreen.storyboard */,
				98B25C1827F7392600210BDC /* Info.plist */,
			);
			path = SwiftlyPresentApp;
			sourceTree = "<group>";
		};
		98B25C1E27F73AAC00210BDC /* SignUp */ = {
			isa = PBXGroup;
			children = (
				98B25C1F27F73AAC00210BDC /* SignUpModel.swift */,
				98B25C2027F73AAC00210BDC /* SingleView */,
				98B25C2327F73AAC00210BDC /* ChainView */,
			);
			path = SignUp;
			sourceTree = "<group>";
		};
		98B25C2027F73AAC00210BDC /* SingleView */ = {
			isa = PBXGroup;
			children = (
				98B25C2127F73AAC00210BDC /* SignUpViewController.swift */,
				98B25C2227F73AAC00210BDC /* SignUpView.swift */,
			);
			path = SingleView;
			sourceTree = "<group>";
		};
		98B25C2327F73AAC00210BDC /* ChainView */ = {
			isa = PBXGroup;
			children = (
				98B25C2427F73AAC00210BDC /* Password */,
				98B25C2727F73AAC00210BDC /* Email */,
			);
			path = ChainView;
			sourceTree = "<group>";
		};
		98B25C2427F73AAC00210BDC /* Password */ = {
			isa = PBXGroup;
			children = (
				98B25C2527F73AAC00210BDC /* SignUpPassWordView.swift */,
				98B25C2627F73AAC00210BDC /* SignUpPassWordViewController.swift */,
			);
			path = Password;
			sourceTree = "<group>";
		};
		98B25C2727F73AAC00210BDC /* Email */ = {
			isa = PBXGroup;
			children = (
				98B25C2827F73AAC00210BDC /* SignUpEmailView.swift */,
				98B25C2927F73AAC00210BDC /* SignUpEmailViewController.swift */,
			);
			path = Email;
			sourceTree = "<group>";
		};
		98B25C2A27F73AAC00210BDC /* Main */ = {
			isa = PBXGroup;
			children = (
				98B25C2B27F73AAC00210BDC /* MainViewController.swift */,
				98B25C2C27F73AAC00210BDC /* MainView.swift */,
			);
			path = Main;
			sourceTree = "<group>";
		};
		98B25C2D27F73AAC00210BDC /* Root */ = {
			isa = PBXGroup;
			children = (
				98B25C2E27F73AAC00210BDC /* RootViewController.swift */,
				98B25C2F27F73AAC00210BDC /* RootView.swift */,
			);
			path = Root;
			sourceTree = "<group>";
		};
		BCB2B1E7DADFFCFE4F6874BD /* Frameworks */ = {
			isa = PBXGroup;
			children = (
				E48A40274114B320E60E2683 /* Pods_SwiftlyPresentApp.framework */,
			);
			name = Frameworks;
			sourceTree = "<group>";
		};
/* End PBXGroup section */

/* Begin PBXNativeTarget section */
		98B25C0627F7392500210BDC /* SwiftlyPresentApp */ = {
			isa = PBXNativeTarget;
			buildConfigurationList = 98B25C1B27F7392600210BDC /* Build configuration list for PBXNativeTarget "SwiftlyPresentApp" */;
			buildPhases = (
				63707D63466436FA482F437F /* [CP] Check Pods Manifest.lock */,
				98B25C0327F7392500210BDC /* Sources */,
				98B25C0427F7392500210BDC /* Frameworks */,
				98B25C0527F7392500210BDC /* Resources */,
				4F88CC5B2153871A9397C9B6 /* [CP] Embed Pods Frameworks */,
			);
			buildRules = (
			);
			dependencies = (
			);
			name = SwiftlyPresentApp;
			productName = SwiftlyPresentApp;
			productReference = 98B25C0727F7392500210BDC /* SwiftlyPresentApp.app */;
			productType = "com.apple.product-type.application";
		};
/* End PBXNativeTarget section */

/* Begin PBXProject section */
		98B25BFF27F7392500210BDC /* Project object */ = {
			isa = PBXProject;
			attributes = {
				BuildIndependentTargetsInParallel = 1;
				LastSwiftUpdateCheck = 1330;
				LastUpgradeCheck = 1330;
				TargetAttributes = {
					98B25C0627F7392500210BDC = {
						CreatedOnToolsVersion = 13.3;
					};
				};
			};
			buildConfigurationList = 98B25C0227F7392500210BDC /* Build configuration list for PBXProject "SwiftlyPresentApp" */;
			compatibilityVersion = "Xcode 13.0";
			developmentRegion = en;
			hasScannedForEncodings = 0;
			knownRegions = (
				en,
				Base,
			);
			mainGroup = 98B25BFE27F7392500210BDC;
			productRefGroup = 98B25C0827F7392500210BDC /* Products */;
			projectDirPath = "";
			projectRoot = "";
			targets = (
				98B25C0627F7392500210BDC /* SwiftlyPresentApp */,
			);
		};
/* End PBXProject section */

/* Begin PBXResourcesBuildPhase section */
		98B25C0527F7392500210BDC /* Resources */ = {
			isa = PBXResourcesBuildPhase;
			buildActionMask = 2147483647;
			files = (
				98B25C1727F7392600210BDC /* LaunchScreen.storyboard in Resources */,
				98B25C1427F7392600210BDC /* Assets.xcassets in Resources */,
			);
			runOnlyForDeploymentPostprocessing = 0;
		};
/* End PBXResourcesBuildPhase section */

/* Begin PBXShellScriptBuildPhase section */
		4F88CC5B2153871A9397C9B6 /* [CP] Embed Pods Frameworks */ = {
			isa = PBXShellScriptBuildPhase;
			buildActionMask = 2147483647;
			files = (
			);
			inputFileListPaths = (
				"${PODS_ROOT}/Target Support Files/Pods-SwiftlyPresentApp/Pods-SwiftlyPresentApp-frameworks-${CONFIGURATION}-input-files.xcfilelist",
			);
			name = "[CP] Embed Pods Frameworks";
			outputFileListPaths = (
				"${PODS_ROOT}/Target Support Files/Pods-SwiftlyPresentApp/Pods-SwiftlyPresentApp-frameworks-${CONFIGURATION}-output-files.xcfilelist",
			);
			runOnlyForDeploymentPostprocessing = 0;
			shellPath = /bin/sh;
			shellScript = "\"${PODS_ROOT}/Target Support Files/Pods-SwiftlyPresentApp/Pods-SwiftlyPresentApp-frameworks.sh\"\n";
			showEnvVarsInLog = 0;
		};
		63707D63466436FA482F437F /* [CP] Check Pods Manifest.lock */ = {
			isa = PBXShellScriptBuildPhase;
			buildActionMask = 2147483647;
			files = (
			);
			inputFileListPaths = (
			);
			inputPaths = (
				"${PODS_PODFILE_DIR_PATH}/Podfile.lock",
				"${PODS_ROOT}/Manifest.lock",
			);
			name = "[CP] Check Pods Manifest.lock";
			outputFileListPaths = (
			);
			outputPaths = (
				"$(DERIVED_FILE_DIR)/Pods-SwiftlyPresentApp-checkManifestLockResult.txt",
			);
			runOnlyForDeploymentPostprocessing = 0;
			shellPath = /bin/sh;
			shellScript = "diff \"${PODS_PODFILE_DIR_PATH}/Podfile.lock\" \"${PODS_ROOT}/Manifest.lock\" > /dev/null\nif [ $? != 0 ] ; then\n    # print error to STDERR\n    echo \"error: The sandbox is not in sync with the Podfile.lock. Run 'pod install' or update your CocoaPods installation.\" >&2\n    exit 1\nfi\n# This output is used by Xcode 'outputs' to avoid re-running this script phase.\necho \"SUCCESS\" > \"${SCRIPT_OUTPUT_FILE_0}\"\n";
			showEnvVarsInLog = 0;
		};
/* End PBXShellScriptBuildPhase section */

/* Begin PBXSourcesBuildPhase section */
		98B25C0327F7392500210BDC /* Sources */ = {
			isa = PBXSourcesBuildPhase;
			buildActionMask = 2147483647;
			files = (
				98B25C3627F73AAC00210BDC /* SignUpEmailViewController.swift in Sources */,
				98B25C3427F73AAC00210BDC /* SignUpPassWordViewController.swift in Sources */,
				98B25C3927F73AAC00210BDC /* RootViewController.swift in Sources */,
				98B25C3527F73AAC00210BDC /* SignUpEmailView.swift in Sources */,
				98B25C3027F73AAC00210BDC /* SignUpModel.swift in Sources */,
				98B25C3327F73AAC00210BDC /* SignUpPassWordView.swift in Sources */,
				98B25C3227F73AAC00210BDC /* SignUpView.swift in Sources */,
				98B25C0B27F7392500210BDC /* AppDelegate.swift in Sources */,
				98B25C3827F73AAC00210BDC /* MainView.swift in Sources */,
				98B25C3A27F73AAC00210BDC /* RootView.swift in Sources */,
				98B25C3127F73AAC00210BDC /* SignUpViewController.swift in Sources */,
				98B25C0D27F7392500210BDC /* SceneDelegate.swift in Sources */,
				98B25C3727F73AAC00210BDC /* MainViewController.swift in Sources */,
			);
			runOnlyForDeploymentPostprocessing = 0;
		};
/* End PBXSourcesBuildPhase section */

/* Begin PBXVariantGroup section */
		98B25C1527F7392600210BDC /* LaunchScreen.storyboard */ = {
			isa = PBXVariantGroup;
			children = (
				98B25C1627F7392600210BDC /* Base */,
			);
			name = LaunchScreen.storyboard;
			sourceTree = "<group>";
		};
/* End PBXVariantGroup section */

/* Begin XCBuildConfiguration section */
		98B25C1927F7392600210BDC /* Debug */ = {
			isa = XCBuildConfiguration;
			buildSettings = {
				ALWAYS_SEARCH_USER_PATHS = NO;
				CLANG_ANALYZER_NONNULL = YES;
				CLANG_ANALYZER_NUMBER_OBJECT_CONVERSION = YES_AGGRESSIVE;
				CLANG_CXX_LANGUAGE_STANDARD = "gnu++17";
				CLANG_ENABLE_MODULES = YES;
				CLANG_ENABLE_OBJC_ARC = YES;
				CLANG_ENABLE_OBJC_WEAK = YES;
				CLANG_WARN_BLOCK_CAPTURE_AUTORELEASING = YES;
				CLANG_WARN_BOOL_CONVERSION = YES;
				CLANG_WARN_COMMA = YES;
				CLANG_WARN_CONSTANT_CONVERSION = YES;
				CLANG_WARN_DEPRECATED_OBJC_IMPLEMENTATIONS = YES;
				CLANG_WARN_DIRECT_OBJC_ISA_USAGE = YES_ERROR;
				CLANG_WARN_DOCUMENTATION_COMMENTS = YES;
				CLANG_WARN_EMPTY_BODY = YES;
				CLANG_WARN_ENUM_CONVERSION = YES;
				CLANG_WARN_INFINITE_RECURSION = YES;
				CLANG_WARN_INT_CONVERSION = YES;
				CLANG_WARN_NON_LITERAL_NULL_CONVERSION = YES;
				CLANG_WARN_OBJC_IMPLICIT_RETAIN_SELF = YES;
				CLANG_WARN_OBJC_LITERAL_CONVERSION = YES;
				CLANG_WARN_OBJC_ROOT_CLASS = YES_ERROR;
				CLANG_WARN_QUOTED_INCLUDE_IN_FRAMEWORK_HEADER = YES;
				CLANG_WARN_RANGE_LOOP_ANALYSIS = YES;
				CLANG_WARN_STRICT_PROTOTYPES = YES;
				CLANG_WARN_SUSPICIOUS_MOVE = YES;
				CLANG_WARN_UNGUARDED_AVAILABILITY = YES_AGGRESSIVE;
				CLANG_WARN_UNREACHABLE_CODE = YES;
				CLANG_WARN__DUPLICATE_METHOD_MATCH = YES;
				COPY_PHASE_STRIP = NO;
				DEBUG_INFORMATION_FORMAT = dwarf;
				ENABLE_STRICT_OBJC_MSGSEND = YES;
				ENABLE_TESTABILITY = YES;
				GCC_C_LANGUAGE_STANDARD = gnu11;
				GCC_DYNAMIC_NO_PIC = NO;
				GCC_NO_COMMON_BLOCKS = YES;
				GCC_OPTIMIZATION_LEVEL = 0;
				GCC_PREPROCESSOR_DEFINITIONS = (
					"DEBUG=1",
					"$(inherited)",
				);
				GCC_WARN_64_TO_32_BIT_CONVERSION = YES;
				GCC_WARN_ABOUT_RETURN_TYPE = YES_ERROR;
				GCC_WARN_UNDECLARED_SELECTOR = YES;
				GCC_WARN_UNINITIALIZED_AUTOS = YES_AGGRESSIVE;
				GCC_WARN_UNUSED_FUNCTION = YES;
				GCC_WARN_UNUSED_VARIABLE = YES;
				IPHONEOS_DEPLOYMENT_TARGET = 14.0;
				MTL_ENABLE_DEBUG_INFO = INCLUDE_SOURCE;
				MTL_FAST_MATH = YES;
				ONLY_ACTIVE_ARCH = YES;
				SDKROOT = iphoneos;
				SWIFT_ACTIVE_COMPILATION_CONDITIONS = DEBUG;
				SWIFT_OPTIMIZATION_LEVEL = "-Onone";
			};
			name = Debug;
		};
		98B25C1A27F7392600210BDC /* Release */ = {
			isa = XCBuildConfiguration;
			buildSettings = {
				ALWAYS_SEARCH_USER_PATHS = NO;
				CLANG_ANALYZER_NONNULL = YES;
				CLANG_ANALYZER_NUMBER_OBJECT_CONVERSION = YES_AGGRESSIVE;
				CLANG_CXX_LANGUAGE_STANDARD = "gnu++17";
				CLANG_ENABLE_MODULES = YES;
				CLANG_ENABLE_OBJC_ARC = YES;
				CLANG_ENABLE_OBJC_WEAK = YES;
				CLANG_WARN_BLOCK_CAPTURE_AUTORELEASING = YES;
				CLANG_WARN_BOOL_CONVERSION = YES;
				CLANG_WARN_COMMA = YES;
				CLANG_WARN_CONSTANT_CONVERSION = YES;
				CLANG_WARN_DEPRECATED_OBJC_IMPLEMENTATIONS = YES;
				CLANG_WARN_DIRECT_OBJC_ISA_USAGE = YES_ERROR;
				CLANG_WARN_DOCUMENTATION_COMMENTS = YES;
				CLANG_WARN_EMPTY_BODY = YES;
				CLANG_WARN_ENUM_CONVERSION = YES;
				CLANG_WARN_INFINITE_RECURSION = YES;
				CLANG_WARN_INT_CONVERSION = YES;
				CLANG_WARN_NON_LITERAL_NULL_CONVERSION = YES;
				CLANG_WARN_OBJC_IMPLICIT_RETAIN_SELF = YES;
				CLANG_WARN_OBJC_LITERAL_CONVERSION = YES;
				CLANG_WARN_OBJC_ROOT_CLASS = YES_ERROR;
				CLANG_WARN_QUOTED_INCLUDE_IN_FRAMEWORK_HEADER = YES;
				CLANG_WARN_RANGE_LOOP_ANALYSIS = YES;
				CLANG_WARN_STRICT_PROTOTYPES = YES;
				CLANG_WARN_SUSPICIOUS_MOVE = YES;
				CLANG_WARN_UNGUARDED_AVAILABILITY = YES_AGGRESSIVE;
				CLANG_WARN_UNREACHABLE_CODE = YES;
				CLANG_WARN__DUPLICATE_METHOD_MATCH = YES;
				COPY_PHASE_STRIP = NO;
				DEBUG_INFORMATION_FORMAT = "dwarf-with-dsym";
				ENABLE_NS_ASSERTIONS = NO;
				ENABLE_STRICT_OBJC_MSGSEND = YES;
				GCC_C_LANGUAGE_STANDARD = gnu11;
				GCC_NO_COMMON_BLOCKS = YES;
				GCC_WARN_64_TO_32_BIT_CONVERSION = YES;
				GCC_WARN_ABOUT_RETURN_TYPE = YES_ERROR;
				GCC_WARN_UNDECLARED_SELECTOR = YES;
				GCC_WARN_UNINITIALIZED_AUTOS = YES_AGGRESSIVE;
				GCC_WARN_UNUSED_FUNCTION = YES;
				GCC_WARN_UNUSED_VARIABLE = YES;
				IPHONEOS_DEPLOYMENT_TARGET = 14.0;
				MTL_ENABLE_DEBUG_INFO = NO;
				MTL_FAST_MATH = YES;
				SDKROOT = iphoneos;
				SWIFT_COMPILATION_MODE = wholemodule;
				SWIFT_OPTIMIZATION_LEVEL = "-O";
				VALIDATE_PRODUCT = YES;
			};
			name = Release;
		};
		98B25C1C27F7392600210BDC /* Debug */ = {
			isa = XCBuildConfiguration;
			baseConfigurationReference = 7CA84FC158D793383B0FF577 /* Pods-SwiftlyPresentApp.debug.xcconfig */;
			buildSettings = {
				ASSETCATALOG_COMPILER_APPICON_NAME = AppIcon;
				ASSETCATALOG_COMPILER_GLOBAL_ACCENT_COLOR_NAME = AccentColor;
				CODE_SIGN_STYLE = Automatic;
				CURRENT_PROJECT_VERSION = 1;
				DEVELOPMENT_TEAM = 524TVTU6B9;
				GENERATE_INFOPLIST_FILE = YES;
				INFOPLIST_FILE = SwiftlyPresentApp/Info.plist;
				INFOPLIST_KEY_UIApplicationSupportsIndirectInputEvents = YES;
				INFOPLIST_KEY_UILaunchStoryboardName = LaunchScreen;
				INFOPLIST_KEY_UISupportedInterfaceOrientations_iPad = "UIInterfaceOrientationPortrait UIInterfaceOrientationPortraitUpsideDown UIInterfaceOrientationLandscapeLeft UIInterfaceOrientationLandscapeRight";
				INFOPLIST_KEY_UISupportedInterfaceOrientations_iPhone = "UIInterfaceOrientationPortrait UIInterfaceOrientationLandscapeLeft UIInterfaceOrientationLandscapeRight";
				LD_RUNPATH_SEARCH_PATHS = (
					"$(inherited)",
					"@executable_path/Frameworks",
				);
				MARKETING_VERSION = 1.0;
				PRODUCT_BUNDLE_IDENTIFIER = com.linsaeng.SwiftlyPresentApp;
				PRODUCT_NAME = "$(TARGET_NAME)";
				SWIFT_EMIT_LOC_STRINGS = YES;
				SWIFT_VERSION = 5.0;
				TARGETED_DEVICE_FAMILY = 1;
			};
			name = Debug;
		};
		98B25C1D27F7392600210BDC /* Release */ = {
			isa = XCBuildConfiguration;
			baseConfigurationReference = CE4100E272BD02FC55F7F896 /* Pods-SwiftlyPresentApp.release.xcconfig */;
			buildSettings = {
				ASSETCATALOG_COMPILER_APPICON_NAME = AppIcon;
				ASSETCATALOG_COMPILER_GLOBAL_ACCENT_COLOR_NAME = AccentColor;
				CODE_SIGN_STYLE = Automatic;
				CURRENT_PROJECT_VERSION = 1;
				DEVELOPMENT_TEAM = 524TVTU6B9;
				GENERATE_INFOPLIST_FILE = YES;
				INFOPLIST_FILE = SwiftlyPresentApp/Info.plist;
				INFOPLIST_KEY_UIApplicationSupportsIndirectInputEvents = YES;
				INFOPLIST_KEY_UILaunchStoryboardName = LaunchScreen;
				INFOPLIST_KEY_UISupportedInterfaceOrientations_iPad = "UIInterfaceOrientationPortrait UIInterfaceOrientationPortraitUpsideDown UIInterfaceOrientationLandscapeLeft UIInterfaceOrientationLandscapeRight";
				INFOPLIST_KEY_UISupportedInterfaceOrientations_iPhone = "UIInterfaceOrientationPortrait UIInterfaceOrientationLandscapeLeft UIInterfaceOrientationLandscapeRight";
				LD_RUNPATH_SEARCH_PATHS = (
					"$(inherited)",
					"@executable_path/Frameworks",
				);
				MARKETING_VERSION = 1.0;
				PRODUCT_BUNDLE_IDENTIFIER = com.linsaeng.SwiftlyPresentApp;
				PRODUCT_NAME = "$(TARGET_NAME)";
				SWIFT_EMIT_LOC_STRINGS = YES;
				SWIFT_VERSION = 5.0;
				TARGETED_DEVICE_FAMILY = 1;
			};
			name = Release;
		};
/* End XCBuildConfiguration section */

/* Begin XCConfigurationList section */
		98B25C0227F7392500210BDC /* Build configuration list for PBXProject "SwiftlyPresentApp" */ = {
			isa = XCConfigurationList;
			buildConfigurations = (
				98B25C1927F7392600210BDC /* Debug */,
				98B25C1A27F7392600210BDC /* Release */,
			);
			defaultConfigurationIsVisible = 0;
			defaultConfigurationName = Release;
		};
		98B25C1B27F7392600210BDC /* Build configuration list for PBXNativeTarget "SwiftlyPresentApp" */ = {
			isa = XCConfigurationList;
			buildConfigurations = (
				98B25C1C27F7392600210BDC /* Debug */,
				98B25C1D27F7392600210BDC /* Release */,
			);
			defaultConfigurationIsVisible = 0;
			defaultConfigurationName = Release;
		};
/* End XCConfigurationList section */
	};
	rootObject = 98B25BFF27F7392500210BDC /* Project object */;
}
