PODS:
  - CombineCocoa (0.4.0)
  - SwiftlyPresent (0.1.6)

DEPENDENCIES:
  - CombineCocoa
  - SwiftlyPresent (from `../`)

SPEC REPOS:
  trunk:
    - CombineCocoa

EXTERNAL SOURCES:
  SwiftlyPresent:
    :path: "../"

SPEC CHECKSUMS:
  CombineCocoa: 68a050228ce7c53c1c5ac2c57cccf92a7f5c5085
  SwiftlyPresent: f7cb258ffadeda57b5b9a710253bf6d0464e5000

PODFILE CHECKSUM: 498172f145f2e8a0addff523351fc3ad25a82631

COCOAPODS: 1.11.3
