PODS:
  - CombineCocoa (0.4.0)
  - SwiftlyPresent (0.1.4)

DEPENDENCIES:
  - CombineCocoa
  - SwiftlyPresent (from `../`)

SPEC REPOS:
  trunk:
    - CombineCocoa

EXTERNAL SOURCES:
  SwiftlyPresent:
    :path: "../"

SPEC CHECKSUMS:
  CombineCocoa: 68a050228ce7c53c1c5ac2c57cccf92a7f5c5085
  SwiftlyPresent: 0043c1bfe11a08c32f57cb287a2e8b79760e7f9a

PODFILE CHECKSUM: 498172f145f2e8a0addff523351fc3ad25a82631

COCOAPODS: 1.11.3
